<?xml version="1.0" encoding="utf-8"?>
<Project ToolsVersion="4.0" xmlns:atg="http://atg.xbox.com" xmlns="http://schemas.microsoft.com/developer/msbuild/2003">
  <ItemGroup>
    <Filter Include="Resource Files">
      <UniqueIdentifier>{8e114980-c1a3-4ada-ad7c-83caadf5daeb}</UniqueIdentifier>
      <Extensions>rc;ico;cur;bmp;dlg;rc2;rct;bin;rgs;gif;jpg;jpeg;jpe</Extensions>
    </Filter>
    <Filter Include="Shaders">
      <UniqueIdentifier>{2c3d4c8c-5d1a-459a-a05a-a4e4b608a44e}</UniqueIdentifier>
      <Extensions>fx;fxh;hlsl</Extensions>
    </Filter>
    <Filter Include="Header Files">
      <UniqueIdentifier>{c8e38fb0-7363-4ab5-a945-4da15b5fa078}</UniqueIdentifier>
    </Filter>
    <Filter Include="Source Files">
      <UniqueIdentifier>{92f93590-a349-4e41-9fd3-1c044611c7ae}</UniqueIdentifier>
    </Filter>
  </ItemGroup>
  <ItemGroup>
    <None Include="..\DXUT\Optional\directx.ico">
      <Filter>Resource Files</Filter>
    </None>
    <None Include="Line.hlsl">
      <Filter>Shaders</Filter>
    </None>
  </ItemGroup>
  <ItemGroup>
    <ClCompile Include="wrColorGenerator.cpp">
      <Filter>Source Files</Filter>
    </ClCompile>
    <ClCompile Include="wrHair.cpp">
      <Filter>Source Files</Filter>
    </ClCompile>
    <ClCompile Include="wrHairLoader.cpp">
      <Filter>Source Files</Filter>
    </ClCompile>
    <ClCompile Include="wrHairRenderer.cpp">
      <Filter>Source Files</Filter>
    </ClCompile>
    <ClCompile Include="wrLogger.cpp">
      <Filter>Source Files</Filter>
    </ClCompile>
    <ClCompile Include="wrStrand.cpp">
      <Filter>Source Files</Filter>
    </ClCompile>
    <ClCompile Include="main.cpp">
      <Filter>Source Files</Filter>
    </ClCompile>
    <ClCompile Include="wrHairSimulator.cpp" />
  </ItemGroup>
  <ItemGroup>
    <None Include="SimpleSample.hlsl">
      <Filter>Shaders</Filter>
    </None>
    <None Include="SimpleSample.fx">
      <Filter>Shaders</Filter>
    </None>
  </ItemGroup>
  <ItemGroup>
    <CLInclude Include="resource.h">
      <Filter>Resource Files</Filter>
    </CLInclude>
    <ResourceCompile Include="SimpleSample.rc">
      <Filter>Resource Files</Filter>
    </ResourceCompile>
    <ClInclude Include="linmath.h">
      <Filter>Header Files</Filter>
    </ClInclude>
    <ClInclude Include="wrColorGenerator.h">
      <Filter>Header Files</Filter>
    </ClInclude>
    <ClInclude Include="wrHair.h">
      <Filter>Header Files</Filter>
    </ClInclude>
    <ClInclude Include="wrHairLoader.h">
      <Filter>Header Files</Filter>
    </ClInclude>
    <ClInclude Include="wrHairRenderer.h">
      <Filter>Header Files</Filter>
    </ClInclude>
    <ClInclude Include="wrLogger.h">
      <Filter>Header Files</Filter>
    </ClInclude>
    <ClInclude Include="wrMath.h">
      <Filter>Header Files</Filter>
    </ClInclude>
    <ClInclude Include="wrStrand.h">
      <Filter>Header Files</Filter>
    </ClInclude>
    <ClInclude Include="wrHairSimulator.h" />
  </ItemGroup>
</Project>