<?xml version="1.0" encoding="utf-8"?>
<Project ToolsVersion="4.0" xmlns="http://schemas.microsoft.com/developer/msbuild/2003">
  <ItemGroup>
    <Filter Include="Source Files">
      <UniqueIdentifier>{4FC737F1-C7A5-4376-A066-2A32D752A2FF}</UniqueIdentifier>
      <Extensions>cpp;c;cc;cxx;def;odl;idl;hpj;bat;asm;asmx</Extensions>
    </Filter>
    <Filter Include="Resource Files">
      <UniqueIdentifier>{67DA6AB6-F800-4c08-8B7A-83BB121AAD01}</UniqueIdentifier>
      <Extensions>rc;ico;cur;bmp;dlg;rc2;rct;bin;rgs;gif;jpg;jpeg;jpe;resx;tiff;tif;png;wav;mfcribbon-ms</Extensions>
    </Filter>
    <Filter Include="Header Files">
      <UniqueIdentifier>{74b5af1d-bf97-46fd-be6e-a1e49be51cf2}</UniqueIdentifier>
      <Extensions>h;hh;hpp;hxx;hm;inl;inc;xsd</Extensions>
    </Filter>
  </ItemGroup>
  <ItemGroup>
    <ClCompile Include="HairEngine.cpp">
      <Filter>Source Files</Filter>
    </ClCompile>
    <ClCompile Include="SkinningEngine.cpp">
      <Filter>Source Files</Filter>
    </ClCompile>
    <ClCompile Include="ReconsReader.cpp">
      <Filter>Source Files</Filter>
    </ClCompile>
    <ClCompile Include="GroupPBD.cpp">
      <Filter>Source Files</Filter>
    </ClCompile>
    <ClCompile Include="HairSampleSelector.cpp">
      <Filter>Source Files</Filter>
    </ClCompile>
  </ItemGroup>
  <ItemGroup>
    <ClInclude Include="inc\HairSampleSelector.h">
      <Filter>Header Files</Filter>
    </ClInclude>
    <ClInclude Include="inc\HairStructs.h">
      <Filter>Header Files</Filter>
    </ClInclude>
    <ClInclude Include="inc\MatrixFactory.hpp">
      <Filter>Header Files</Filter>
    </ClInclude>
    <ClInclude Include="inc\ReconsReader.h">
      <Filter>Header Files</Filter>
    </ClInclude>
    <ClInclude Include="inc\SkinningEngine.h">
      <Filter>Header Files</Filter>
    </ClInclude>
    <ClInclude Include="inc\SparseCholeskyUpdate.hpp">
      <Filter>Header Files</Filter>
    </ClInclude>
    <ClInclude Include="inc\wrTripleMatrix.h">
      <Filter>Header Files</Filter>
    </ClInclude>
    <ClInclude Include="inc\xhair.h">
      <Filter>Header Files</Filter>
    </ClInclude>
    <ClInclude Include="inc\CGALKernel.h">
      <Filter>Header Files</Filter>
    </ClInclude>
    <ClInclude Include="inc\CholeskyUpdate.hpp">
      <Filter>Header Files</Filter>
    </ClInclude>
    <ClInclude Include="inc\EigenTypes.h">
      <Filter>Header Files</Filter>
    </ClInclude>
    <ClInclude Include="inc\GridRaster.h">
      <Filter>Header Files</Filter>
    </ClInclude>
    <ClInclude Include="inc\GroupPBD.h">
      <Filter>Header Files</Filter>
    </ClInclude>
    <ClInclude Include="inc\HairEngine.h">
      <Filter>Header Files</Filter>
    </ClInclude>
  </ItemGroup>
</Project>