<?xml version="1.0" encoding="utf-8"?>
<Project ToolsVersion="4.0" xmlns:atg="http://atg.xbox.com" xmlns="http://schemas.microsoft.com/developer/msbuild/2003">
  <ItemGroup>
    <Filter Include="Resource Files">
      <UniqueIdentifier>{8e114980-c1a3-4ada-ad7c-83caadf5daeb}</UniqueIdentifier>
      <Extensions>rc;ico;cur;bmp;dlg;rc2;rct;bin;rgs;gif;jpg;jpeg;jpe</Extensions>
    </Filter>
    <Filter Include="Shaders">
      <UniqueIdentifier>{2c3d4c8c-5d1a-459a-a05a-a4e4b608a44e}</UniqueIdentifier>
      <Extensions>fx;fxh;hlsl</Extensions>
    </Filter>
    <Filter Include="Source Files">
      <UniqueIdentifier>{92f93590-a349-4e41-9fd3-1c044611c7ae}</UniqueIdentifier>
      <Extensions>
      </Extensions>
    </Filter>
    <Filter Include="Source Files\Miscs">
      <UniqueIdentifier>{ddc1de22-ef8b-40e6-be5d-f2681f69797c}</UniqueIdentifier>
    </Filter>
    <Filter Include="Source Files\FBX">
      <UniqueIdentifier>{e366668c-c870-4fe5-8ea6-616560973fb5}</UniqueIdentifier>
    </Filter>
    <Filter Include="Source Files\XRwyEngine">
      <UniqueIdentifier>{3a35098f-869e-45f8-9b71-dad3344573ca}</UniqueIdentifier>
    </Filter>
    <Filter Include="Source Files\Dynamic">
      <UniqueIdentifier>{e666c5c5-5e16-45d8-8053-40c06de1576e}</UniqueIdentifier>
    </Filter>
    <Filter Include="Source Files\StaticHair">
      <UniqueIdentifier>{bea39297-8e57-4a89-bdd2-22824b1d2672}</UniqueIdentifier>
    </Filter>
  </ItemGroup>
  <ItemGroup>
    <None Include="..\DXUT\Optional\directx.ico">
      <Filter>Resource Files</Filter>
    </None>
    <None Include="HairShadow.hlsl">
      <Filter>Shaders</Filter>
    </None>
    <None Include="point.hlsl">
      <Filter>Shaders</Filter>
    </None>
    <None Include="BasicLine.hlsl">
      <Filter>Shaders</Filter>
    </None>
    <None Include="HairFx.hlsl">
      <Filter>Shaders</Filter>
    </None>
  </ItemGroup>
  <ItemGroup>
    <ClCompile Include="CFBXRendererDX11.cpp">
      <Filter>Source Files\FBX</Filter>
    </ClCompile>
    <ClCompile Include="DDSTextureLoader.cpp">
      <Filter>Source Files\FBX</Filter>
    </ClCompile>
    <ClCompile Include="CFBXLoader.cpp">
      <Filter>Source Files\FBX</Filter>
    </ClCompile>
    <ClCompile Include="BasicRenderer.cpp">
      <Filter>Source Files\XRwyEngine</Filter>
    </ClCompile>
    <ClCompile Include="GUIManager.cpp">
      <Filter>Source Files\XRwyEngine</Filter>
    </ClCompile>
    <ClCompile Include="main.cpp">
      <Filter>Source Files\XRwyEngine</Filter>
    </ClCompile>
    <ClCompile Include="SceneManager.cpp">
      <Filter>Source Files\XRwyEngine</Filter>
    </ClCompile>
    <ClCompile Include="rendertextureclass.cpp">
      <Filter>Source Files\XRwyEngine</Filter>
    </ClCompile>
    <ClCompile Include="SplitLayout.cpp">
      <Filter>Source Files\XRwyEngine</Filter>
    </ClCompile>
    <ClCompile Include="HairColor.cpp">
      <Filter>Source Files\StaticHair</Filter>
    </ClCompile>
    <ClCompile Include="HairManager.cpp">
      <Filter>Source Files\StaticHair</Filter>
    </ClCompile>
    <ClCompile Include="HairRenderer.cpp">
      <Filter>Source Files\StaticHair</Filter>
    </ClCompile>
    <ClCompile Include="FollicleRenderer.cpp">
      <Filter>Source Files\StaticHair</Filter>
    </ClCompile>
    <ClCompile Include="HairLoader.cpp">
      <Filter>Source Files\StaticHair</Filter>
    </ClCompile>
    <ClCompile Include="TrainingGraph.cpp">
      <Filter>Source Files\StaticHair</Filter>
    </ClCompile>
    <ClCompile Include="SkinningEngine.cpp">
      <Filter>Source Files\Dynamic</Filter>
    </ClCompile>
    <ClCompile Include="ReconsReader.cpp">
      <Filter>Source Files\Dynamic</Filter>
    </ClCompile>
    <ClCompile Include="HairSampleSelector.cpp">
      <Filter>Source Files\StaticHair</Filter>
    </ClCompile>
  </ItemGroup>
  <ItemGroup>
    <CLInclude Include="resource.h">
      <Filter>Resource Files</Filter>
    </CLInclude>
    <ResourceCompile Include="SimpleSample.rc">
      <Filter>Resource Files</Filter>
    </ResourceCompile>
    <ClInclude Include="CFBXRendererDX11.h">
      <Filter>Source Files\FBX</Filter>
    </ClInclude>
    <ClInclude Include="DDSTextureLoader.h">
      <Filter>Source Files\FBX</Filter>
    </ClInclude>
    <ClInclude Include="CFBXLoader.h">
      <Filter>Source Files\FBX</Filter>
    </ClInclude>
    <ClInclude Include="BasicRenderer.h">
      <Filter>Source Files\XRwyEngine</Filter>
    </ClInclude>
    <ClInclude Include="GUIManager.h">
      <Filter>Source Files\XRwyEngine</Filter>
    </ClInclude>
    <ClInclude Include="SceneManager.h">
      <Filter>Source Files\XRwyEngine</Filter>
    </ClInclude>
    <ClInclude Include="rendertextureclass.h">
      <Filter>Source Files\XRwyEngine</Filter>
    </ClInclude>
    <ClInclude Include="IRenderer.h">
      <Filter>Source Files\XRwyEngine</Filter>
    </ClInclude>
    <ClInclude Include="XRwy_h.h">
      <Filter>Source Files\XRwyEngine</Filter>
    </ClInclude>
    <ClInclude Include="SplitLayout.h">
      <Filter>Source Files\XRwyEngine</Filter>
    </ClInclude>
    <ClInclude Include="HairColor.h">
      <Filter>Source Files\StaticHair</Filter>
    </ClInclude>
    <ClInclude Include="HairManager.h">
      <Filter>Source Files\StaticHair</Filter>
    </ClInclude>
    <ClInclude Include="HairRenderer.h">
      <Filter>Source Files\StaticHair</Filter>
    </ClInclude>
    <ClInclude Include="FollicleRenderer.h">
      <Filter>Source Files\StaticHair</Filter>
    </ClInclude>
    <ClInclude Include="HairLoader.h">
      <Filter>Source Files\StaticHair</Filter>
    </ClInclude>
    <ClInclude Include="HairStructs.h">
      <Filter>Source Files\StaticHair</Filter>
    </ClInclude>
    <ClInclude Include="TrainingGraph.h">
      <Filter>Source Files\StaticHair</Filter>
    </ClInclude>
    <ClInclude Include="ZhouHairLoader.hpp">
      <Filter>Source Files\StaticHair</Filter>
    </ClInclude>
    <ClInclude Include="SkinningEngine.h">
      <Filter>Source Files\Dynamic</Filter>
    </ClInclude>
    <ClInclude Include="ReconsReader.h">
      <Filter>Source Files\Dynamic</Filter>
    </ClInclude>
    <ClInclude Include="HairSampleSelector.h">
      <Filter>Source Files\StaticHair</Filter>
    </ClInclude>
  </ItemGroup>
</Project>