<?xml version="1.0" encoding="utf-8"?>
<Project ToolsVersion="4.0" xmlns:atg="http://atg.xbox.com" xmlns="http://schemas.microsoft.com/developer/msbuild/2003">
  <ItemGroup>
    <Filter Include="Resource Files">
      <UniqueIdentifier>{8e114980-c1a3-4ada-ad7c-83caadf5daeb}</UniqueIdentifier>
      <Extensions>rc;ico;cur;bmp;dlg;rc2;rct;bin;rgs;gif;jpg;jpeg;jpe</Extensions>
    </Filter>
    <Filter Include="Shaders">
      <UniqueIdentifier>{2c3d4c8c-5d1a-459a-a05a-a4e4b608a44e}</UniqueIdentifier>
      <Extensions>fx;fxh;hlsl</Extensions>
    </Filter>
    <Filter Include="Header Files">
      <UniqueIdentifier>{c8e38fb0-7363-4ab5-a945-4da15b5fa078}</UniqueIdentifier>
      <Extensions>h;hh;hpp;hxx;hm;inl;inc;xsd</Extensions>
    </Filter>
    <Filter Include="Source Files">
      <UniqueIdentifier>{92f93590-a349-4e41-9fd3-1c044611c7ae}</UniqueIdentifier>
      <Extensions>cpp;c;cc;cxx;def;odl;idl;hpj;bat;asm;asmx</Extensions>
    </Filter>
    <Filter Include="FBX">
      <UniqueIdentifier>{e366668c-c870-4fe5-8ea6-616560973fb5}</UniqueIdentifier>
    </Filter>
    <Filter Include="Miscs">
      <UniqueIdentifier>{ddc1de22-ef8b-40e6-be5d-f2681f69797c}</UniqueIdentifier>
    </Filter>
  </ItemGroup>
  <ItemGroup>
    <None Include="..\DXUT\Optional\directx.ico">
      <Filter>Resource Files</Filter>
    </None>
    <None Include="Line.hlsl">
      <Filter>Shaders</Filter>
    </None>
  </ItemGroup>
  <ItemGroup>
    <ClCompile Include="wrColorGenerator.cpp">
      <Filter>Source Files</Filter>
    </ClCompile>
    <ClCompile Include="wrHair.cpp">
      <Filter>Source Files</Filter>
    </ClCompile>
    <ClCompile Include="wrHairRenderer.cpp">
      <Filter>Source Files</Filter>
    </ClCompile>
    <ClCompile Include="wrStrand.cpp">
      <Filter>Source Files</Filter>
    </ClCompile>
    <ClCompile Include="main.cpp">
      <Filter>Source Files</Filter>
    </ClCompile>
    <ClCompile Include="wrSceneManager.cpp">
      <Filter>Source Files</Filter>
    </ClCompile>
    <ClCompile Include="wrMeshRenderer.cpp">
      <Filter>Source Files</Filter>
    </ClCompile>
    <ClCompile Include="CFBXRendererDX11.cpp">
      <Filter>FBX</Filter>
    </ClCompile>
    <ClCompile Include="DDSTextureLoader.cpp">
      <Filter>FBX</Filter>
    </ClCompile>
    <ClCompile Include="CFBXLoader.cpp">
      <Filter>FBX</Filter>
    </ClCompile>
    <ClCompile Include="test.cpp">
      <Filter>Source Files</Filter>
    </ClCompile>
    <ClCompile Include="wrTetrahedron.cpp">
      <Filter>Source Files</Filter>
    </ClCompile>
    <ClCompile Include="wrLevelsetOctree.cpp">
      <Filter>Source Files</Filter>
    </ClCompile>
    <ClCompile Include="wrLogger.cpp">
      <Filter>Miscs</Filter>
    </ClCompile>
    <ClCompile Include="ConfigReader.cpp">
      <Filter>Miscs</Filter>
    </ClCompile>
    <ClCompile Include="wrSpring.cpp">
      <Filter>Source Files</Filter>
    </ClCompile>
    <ClCompile Include="Parameter.cpp">
      <Filter>Source Files</Filter>
    </ClCompile>
    <ClCompile Include="SphereCollisionObject.cpp">
      <Filter>Source Files</Filter>
    </ClCompile>
    <ClCompile Include="CacheHair.cpp">
      <Filter>Source Files</Filter>
    </ClCompile>
  </ItemGroup>
  <ItemGroup>
    <None Include="SimpleSample.hlsl">
      <Filter>Shaders</Filter>
    </None>
    <None Include="SimpleSample.fx">
      <Filter>Shaders</Filter>
    </None>
  </ItemGroup>
  <ItemGroup>
    <CLInclude Include="resource.h">
      <Filter>Resource Files</Filter>
    </CLInclude>
    <ResourceCompile Include="SimpleSample.rc">
      <Filter>Resource Files</Filter>
    </ResourceCompile>
    <ClInclude Include="wrHair.h">
      <Filter>Header Files</Filter>
    </ClInclude>
    <ClInclude Include="wrHairRenderer.h">
      <Filter>Header Files</Filter>
    </ClInclude>
    <ClInclude Include="wrStrand.h">
      <Filter>Header Files</Filter>
    </ClInclude>
    <ClInclude Include="precompiled.h">
      <Filter>Header Files</Filter>
    </ClInclude>
    <ClInclude Include="wrSceneManager.h">
      <Filter>Header Files</Filter>
    </ClInclude>
    <ClInclude Include="wrMeshRenderer.h">
      <Filter>Header Files</Filter>
    </ClInclude>
    <ClInclude Include="CFBXRendererDX11.h">
      <Filter>FBX</Filter>
    </ClInclude>
    <ClInclude Include="DDSTextureLoader.h">
      <Filter>FBX</Filter>
    </ClInclude>
    <ClInclude Include="CFBXLoader.h">
      <Filter>FBX</Filter>
    </ClInclude>
    <ClInclude Include="wrTetrahedron.h">
      <Filter>Header Files</Filter>
    </ClInclude>
    <ClInclude Include="wrLevelsetOctree.h">
      <Filter>Header Files</Filter>
    </ClInclude>
    <ClInclude Include="Parameter.h">
      <Filter>Header Files</Filter>
    </ClInclude>
    <ClInclude Include="wrMacro.h">
      <Filter>Miscs</Filter>
    </ClInclude>
    <ClInclude Include="wrTypes.h">
      <Filter>Miscs</Filter>
    </ClInclude>
    <ClInclude Include="wrMath.h">
      <Filter>Miscs</Filter>
    </ClInclude>
    <ClInclude Include="wrLogger.h">
      <Filter>Miscs</Filter>
    </ClInclude>
    <ClInclude Include="wrGeo.h">
      <Filter>Miscs</Filter>
    </ClInclude>
    <ClInclude Include="linmath.h">
      <Filter>Miscs</Filter>
    </ClInclude>
    <ClInclude Include="wrColorGenerator.h">
      <Filter>Miscs</Filter>
    </ClInclude>
    <ClInclude Include="ConfigReader.h">
      <Filter>Miscs</Filter>
    </ClInclude>
    <ClInclude Include="wrSpring.h">
      <Filter>Header Files</Filter>
    </ClInclude>
    <ClInclude Include="wrTripleMatrix.h">
      <Filter>Header Files</Filter>
    </ClInclude>
    <ClInclude Include="ICollisionObject.h">
      <Filter>Header Files</Filter>
    </ClInclude>
    <ClInclude Include="SphereCollisionObject.h">
      <Filter>Header Files</Filter>
    </ClInclude>
    <ClInclude Include="IHair.h">
      <Filter>Header Files</Filter>
    </ClInclude>
    <ClInclude Include="CacheHair.h">
      <Filter>Header Files</Filter>
    </ClInclude>
  </ItemGroup>
</Project>