<?xml version="1.0" encoding="utf-8"?>
<Project ToolsVersion="4.0" xmlns:atg="http://atg.xbox.com" xmlns="http://schemas.microsoft.com/developer/msbuild/2003">
  <ItemGroup>
    <Filter Include="Resource Files">
      <UniqueIdentifier>{8e114980-c1a3-4ada-ad7c-83caadf5daeb}</UniqueIdentifier>
      <Extensions>rc;ico;cur;bmp;dlg;rc2;rct;bin;rgs;gif;jpg;jpeg;jpe</Extensions>
    </Filter>
    <Filter Include="Shaders">
      <UniqueIdentifier>{2c3d4c8c-5d1a-459a-a05a-a4e4b608a44e}</UniqueIdentifier>
      <Extensions>fx;fxh;hlsl</Extensions>
    </Filter>
    <Filter Include="Source Files">
      <UniqueIdentifier>{92f93590-a349-4e41-9fd3-1c044611c7ae}</UniqueIdentifier>
      <Extensions>
      </Extensions>
    </Filter>
    <Filter Include="Source Files\Miscs">
      <UniqueIdentifier>{ddc1de22-ef8b-40e6-be5d-f2681f69797c}</UniqueIdentifier>
    </Filter>
    <Filter Include="Source Files\Deprecated">
      <UniqueIdentifier>{c26071bc-28de-40e9-8d04-0a70f917919e}</UniqueIdentifier>
    </Filter>
    <Filter Include="Source Files\FBX">
      <UniqueIdentifier>{e366668c-c870-4fe5-8ea6-616560973fb5}</UniqueIdentifier>
    </Filter>
    <Filter Include="Source Files\XRwyEngine">
      <UniqueIdentifier>{3a35098f-869e-45f8-9b71-dad3344573ca}</UniqueIdentifier>
    </Filter>
  </ItemGroup>
  <ItemGroup>
    <None Include="..\DXUT\Optional\directx.ico">
      <Filter>Resource Files</Filter>
    </None>
    <None Include="Hair.hlsl">
      <Filter>Shaders</Filter>
    </None>
    <None Include="shadowps.hlsl">
      <Filter>Shaders</Filter>
    </None>
    <None Include="depthps.hlsl">
      <Filter>Shaders</Filter>
    </None>
    <None Include="HairShadow.hlsl">
      <Filter>Shaders</Filter>
    </None>
    <None Include="example.hlsl">
      <Filter>Shaders</Filter>
    </None>
    <None Include="point.hlsl">
      <Filter>Shaders</Filter>
    </None>
    <None Include="Line.hlsl">
      <Filter>Shaders</Filter>
    </None>
    <None Include="BasicLine.hlsl">
      <Filter>Shaders</Filter>
    </None>
    <None Include="HairFx.hlsl">
      <Filter>Shaders</Filter>
    </None>
    <None Include="HairDebugRenderer.cpp">
      <Filter>Source Files\Deprecated</Filter>
    </None>
    <None Include="wrSceneManager.cpp">
      <Filter>Source Files\Deprecated</Filter>
    </None>
  </ItemGroup>
  <ItemGroup>
    <ClCompile Include="CFBXRendererDX11.cpp">
      <Filter>Source Files\FBX</Filter>
    </ClCompile>
    <ClCompile Include="DDSTextureLoader.cpp">
      <Filter>Source Files\FBX</Filter>
    </ClCompile>
    <ClCompile Include="CFBXLoader.cpp">
      <Filter>Source Files\FBX</Filter>
    </ClCompile>
    <ClCompile Include="TrainingGraph.cpp">
      <Filter>Source Files</Filter>
    </ClCompile>
    <ClCompile Include="ConfigReader.cpp">
      <Filter>Source Files</Filter>
    </ClCompile>
    <ClCompile Include="wrMeshRenderer.cpp">
      <Filter>Source Files\Deprecated</Filter>
    </ClCompile>
    <ClCompile Include="wrColorGenerator.cpp">
      <Filter>Source Files\Miscs</Filter>
    </ClCompile>
    <ClCompile Include="BasicRenderer.cpp">
      <Filter>Source Files\XRwyEngine</Filter>
    </ClCompile>
    <ClCompile Include="GUIManager.cpp">
      <Filter>Source Files\XRwyEngine</Filter>
    </ClCompile>
    <ClCompile Include="main.cpp">
      <Filter>Source Files\XRwyEngine</Filter>
    </ClCompile>
    <ClCompile Include="SceneManager.cpp">
      <Filter>Source Files\XRwyEngine</Filter>
    </ClCompile>
    <ClCompile Include="rendertextureclass.cpp">
      <Filter>Source Files\XRwyEngine</Filter>
    </ClCompile>
    <ClCompile Include="HairLoader.cpp">
      <Filter>Source Files</Filter>
    </ClCompile>
    <ClCompile Include="HairRenderer.cpp">
      <Filter>Source Files\XRwyEngine</Filter>
    </ClCompile>
    <ClCompile Include="HairManager.cpp">
      <Filter>Source Files\XRwyEngine</Filter>
    </ClCompile>
    <ClCompile Include="HairColor.cpp">
      <Filter>Source Files\XRwyEngine</Filter>
    </ClCompile>
    <ClCompile Include="D3D11Tools.cpp">
      <Filter>Source Files\Miscs</Filter>
    </ClCompile>
    <ClCompile Include="SplitLayout.cpp">
      <Filter>Source Files\XRwyEngine</Filter>
    </ClCompile>
  </ItemGroup>
  <ItemGroup>
    <None Include="SimpleSample.hlsl">
      <Filter>Shaders</Filter>
    </None>
    <None Include="SimpleSample.fx">
      <Filter>Shaders</Filter>
    </None>
  </ItemGroup>
  <ItemGroup>
    <CLInclude Include="resource.h">
      <Filter>Resource Files</Filter>
    </CLInclude>
    <ResourceCompile Include="SimpleSample.rc">
      <Filter>Resource Files</Filter>
    </ResourceCompile>
    <ClInclude Include="CFBXRendererDX11.h">
      <Filter>Source Files\FBX</Filter>
    </ClInclude>
    <ClInclude Include="DDSTextureLoader.h">
      <Filter>Source Files\FBX</Filter>
    </ClInclude>
    <ClInclude Include="CFBXLoader.h">
      <Filter>Source Files\FBX</Filter>
    </ClInclude>
    <ClInclude Include="ConfigReader.h">
      <Filter>Source Files</Filter>
    </ClInclude>
    <ClInclude Include="HairLoader.h">
      <Filter>Source Files</Filter>
    </ClInclude>
    <ClInclude Include="TrainingGraph.h">
      <Filter>Source Files</Filter>
    </ClInclude>
    <ClInclude Include="D3D11Tools.h">
      <Filter>Source Files\Miscs</Filter>
    </ClInclude>
    <ClInclude Include="linmath.h">
      <Filter>Source Files\Miscs</Filter>
    </ClInclude>
    <ClInclude Include="IHair.h">
      <Filter>Source Files\Deprecated</Filter>
    </ClInclude>
    <ClInclude Include="wrMeshRenderer.h">
      <Filter>Source Files\Deprecated</Filter>
    </ClInclude>
    <ClInclude Include="wrSceneManager.h">
      <Filter>Source Files\Deprecated</Filter>
    </ClInclude>
    <ClInclude Include="wrColorGenerator.h">
      <Filter>Source Files\Miscs</Filter>
    </ClInclude>
    <ClInclude Include="BasicRenderer.h">
      <Filter>Source Files\XRwyEngine</Filter>
    </ClInclude>
    <ClInclude Include="GUIManager.h">
      <Filter>Source Files\XRwyEngine</Filter>
    </ClInclude>
    <ClInclude Include="SceneManager.h">
      <Filter>Source Files\XRwyEngine</Filter>
    </ClInclude>
    <ClInclude Include="rendertextureclass.h">
      <Filter>Source Files\XRwyEngine</Filter>
    </ClInclude>
    <ClInclude Include="macros.h">
      <Filter>Source Files\Miscs</Filter>
    </ClInclude>
    <ClInclude Include="HairRenderer.h">
      <Filter>Source Files\XRwyEngine</Filter>
    </ClInclude>
    <ClInclude Include="IRenderer.h">
      <Filter>Source Files\XRwyEngine</Filter>
    </ClInclude>
    <ClInclude Include="HairManager.h">
      <Filter>Source Files\XRwyEngine</Filter>
    </ClInclude>
    <ClInclude Include="HairDebugRenderer.h">
      <Filter>Source Files\Deprecated</Filter>
    </ClInclude>
    <ClInclude Include="HairColor.h">
      <Filter>Source Files\XRwyEngine</Filter>
    </ClInclude>
    <ClInclude Include="XRwy_h.h">
      <Filter>Source Files\XRwyEngine</Filter>
    </ClInclude>
    <ClInclude Include="wrMath.h">
      <Filter>Source Files\Miscs</Filter>
    </ClInclude>
    <ClInclude Include="SplitLayout.h">
      <Filter>Source Files\XRwyEngine</Filter>
    </ClInclude>
    <ClInclude Include="ReconsReader.h">
      <Filter>Source Files</Filter>
    </ClInclude>
    <ClInclude Include="HairStructs.h">
      <Filter>Source Files</Filter>
    </ClInclude>
  </ItemGroup>
</Project>